
Microsoft Visual Studio Solution File, Format Version 12.00
# Visual Studio Version 17
VisualStudioVersion = 17.14.36518.9 d17.14
MinimumVisualStudioVersion = 10.0.40219.1
Project("{FAE04EC0-301F-11D3-BF4B-00C04F79EFBC}") = "HotelBookingSystem", "HotelBookingSystem\HotelBookingSystem.csproj", "{18C286ED-1EA3-4EB5-B7B8-A57130BEE09F}"
EndProject
Global
	GlobalSection(SolutionConfigurationPlatforms) = preSolution
		Debug|Any CPU = Debug|Any CPU
		Release|Any CPU = Release|Any CPU
	EndGlobalSection
	GlobalSection(ProjectConfigurationPlatforms) = postSolution
		{18C286ED-1EA3-4EB5-B7B8-A57130BEE09F}.Debug|Any CPU.ActiveCfg = Debug|Any CPU
		{18C286ED-1EA3-4EB5-B7B8-A57130BEE09F}.Debug|Any CPU.Build.0 = Debug|Any CPU
		{18C286ED-1EA3-4EB5-B7B8-A57130BEE09F}.Release|Any CPU.ActiveCfg = Release|Any CPU
		{18C286ED-1EA3-4EB5-B7B8-A57130BEE09F}.Release|Any CPU.Build.0 = Release|Any CPU
	EndGlobalSection
	GlobalSection(SolutionProperties) = preSolution
		HideSolutionNode = FALSE
	EndGlobalSection
	GlobalSection(ExtensibilityGlobals) = postSolution
		SolutionGuid = {6D81BD24-83B0-4307-A1CD-42DD7A3A4359}
	EndGlobalSection
EndGlobal
